github.com/atotto/clipboard v0.1.4 h1:EH0zSVneZPSuFR11BlR9YppQTVDbh5+16AmcJi4g1z4=
github.com/atotto/clipboard v0.1.4/go.mod h1:ZY9tmq7sm5xIbd9bOK4onWV4S6X0u6GY7Vn0Yu86PYI=
github.com/n4x2/zoo v0.0.0-20230929152532-3cacebc2c649 h1:SgA3vGGSSz/XJ3QFF/tn8A4Ahc4CZiNxSx1IgtWV+ho=
github.com/n4x2/zoo v0.0.0-20230929152532-3cacebc2c649/go.mod h1:V2AwHRMyG3VLMsXm3wJS2e7MR7P0Sa3nQcB/UbjjXV0=
